
Microsoft Visual Studio Solution File, Format Version 12.00
# Visual Studio Version 16
VisualStudioVersion = 16.0.29509.3
MinimumVisualStudioVersion = 10.0.40219.1
Project("{8BC9CEB8-8B4A-11D0-8D11-00A0C91BC942}") = "Algorithms-study", "Algorithms-study\Algorithms-study.vcxproj", "{50CE0F45-129E-4D8A-879F-B44D0F92669B}"
EndProject
Project("{8BC9CEB8-8B4A-11D0-8D11-00A0C91BC942}") = "1.1字符串的旋转", "字符串的旋转\字符串的旋转.vcxproj", "{ECA2F842-AEC5-4E51-B66F-7B7FF915D8EB}"
EndProject
Project("{8BC9CEB8-8B4A-11D0-8D11-00A0C91BC942}") = "1.2字符串的包含", "1.2字符串的包含\1.2字符串的包含.vcxproj", "{62DE988D-04B4-442B-A3A4-70CDB5AA6C66}"
EndProject
Project("{8BC9CEB8-8B4A-11D0-8D11-00A0C91BC942}") = "1.3字符串的全排列", "1.3字符串的全排列\1.3字符串的全排列.vcxproj", "{0F5FA16D-3A77-489C-9F55-9BA4FEBAF5A0}"
EndProject
Project("{8BC9CEB8-8B4A-11D0-8D11-00A0C91BC942}") = "1.4字符串转化成整数", "1.4字符串转化成整数\1.4字符串转化成整数.vcxproj", "{F8B80CA7-1EB9-4B3B-BBF7-C34C6BCF71A2}"
EndProject
Project("{8BC9CEB8-8B4A-11D0-8D11-00A0C91BC942}") = "1.5字符串的回文判断", "1.5字符串的回文判断\1.5字符串的回文判断.vcxproj", "{7AAB5630-ED1C-4B2C-92F5-FA36178E3336}"
EndProject
Project("{8BC9CEB8-8B4A-11D0-8D11-00A0C91BC942}") = "1.6字符串的最长回文子串", "1.6字符串的最长回文子串\1.6字符串的最长回文子串.vcxproj", "{AE692A47-28E1-4F4A-86B3-0AFE6A5D38EF}"
EndProject
Project("{8BC9CEB8-8B4A-11D0-8D11-00A0C91BC942}") = "2.0常用排序算法", "2.0常用排序算法\2.0常用排序算法.vcxproj", "{2A0AD15B-06A6-4A56-9766-6BCE46109F2A}"
EndProject
Project("{8BC9CEB8-8B4A-11D0-8D11-00A0C91BC942}") = "2.1寻找最小的k个数", "2.1寻找最小的k个数\2.1寻找最小的k个数.vcxproj", "{0D3B0B83-8982-48F0-A063-A29CB211F1EF}"
EndProject
Project("{8BC9CEB8-8B4A-11D0-8D11-00A0C91BC942}") = "2.2寻找和为定值的两个数", "2.2寻找和为定值的两个数\2.2寻找和为定值的两个数.vcxproj", "{CEE4780B-EFDC-4069-AEA9-2489F8B296A8}"
EndProject
Project("{8BC9CEB8-8B4A-11D0-8D11-00A0C91BC942}") = "Z1链表学习", "链表学习\链表学习.vcxproj", "{7AAFB23F-8C00-4004-B30C-F509152E6FBF}"
EndProject
Project("{8BC9CEB8-8B4A-11D0-8D11-00A0C91BC942}") = "2.3寻找和为定值的多个数", "2.3寻找和为定值的多个数\2.3寻找和为定值的多个数.vcxproj", "{29E5C095-A36C-4D8D-802F-FE34433D83FA}"
EndProject
Project("{8BC9CEB8-8B4A-11D0-8D11-00A0C91BC942}") = "Z2栈的学习", "Z栈的学习\Z栈的学习.vcxproj", "{BFFBA0BC-62EF-4168-B3D1-99AA8548D80C}"
EndProject
Project("{8BC9CEB8-8B4A-11D0-8D11-00A0C91BC942}") = "Z3队列的学习", "Z队列的学习\Z队列的学习.vcxproj", "{FD30314B-07E5-407C-ADBA-063E9EF2A9B1}"
EndProject
Project("{8BC9CEB8-8B4A-11D0-8D11-00A0C91BC942}") = "Z4字符串的学习", "Z字符串的学习\Z字符串的学习.vcxproj", "{CA83D66F-A79F-4E2B-BB97-FE5661BFA9E4}"
EndProject
Project("{8BC9CEB8-8B4A-11D0-8D11-00A0C91BC942}") = "2.4最大连续子数组和", "2.4最大连续子数组和\2.4最大连续子数组和.vcxproj", "{30408236-A1EA-4E45-9904-C4154DAEA01D}"
EndProject
Project("{8BC9CEB8-8B4A-11D0-8D11-00A0C91BC942}") = "2.5跳台阶问题", "2.5跳台阶问题\2.5跳台阶问题.vcxproj", "{41C91074-C599-48C5-B393-1EDA43E53138}"
EndProject
Project("{8BC9CEB8-8B4A-11D0-8D11-00A0C91BC942}") = "2.6奇偶数排序", "2.6奇偶数排序\2.6奇偶数排序.vcxproj", "{563B8E9C-B48B-4CA6-8237-B001477D5FA0}"
EndProject
Project("{8BC9CEB8-8B4A-11D0-8D11-00A0C91BC942}") = "Z5二叉树的学习", "Z5二叉树的学习\Z5二叉树的学习.vcxproj", "{54CA5B0B-BEE3-489D-BB5F-CD250240276A}"
EndProject
Project("{8BC9CEB8-8B4A-11D0-8D11-00A0C91BC942}") = "Z6哈夫曼树与编码", "Z6哈夫曼树与编码\Z6哈夫曼树与编码.vcxproj", "{3B29A098-D709-411D-9AC3-22D0D1114F7C}"
EndProject
Project("{8BC9CEB8-8B4A-11D0-8D11-00A0C91BC942}") = "Z7图的学习", "Z7图的学习\Z7图的学习.vcxproj", "{FCE48E05-D3CE-4E77-923B-F8A96F94073A}"
EndProject
Project("{8BC9CEB8-8B4A-11D0-8D11-00A0C91BC942}") = "2.7荷兰国旗", "2.7荷兰国旗\2.7荷兰国旗.vcxproj", "{69BDD2A4-2C6B-4BB2-8746-720B9FE6ED08}"
EndProject
Project("{8BC9CEB8-8B4A-11D0-8D11-00A0C91BC942}") = "Z8图的搜索-深度优先", "Z8图的搜索-深度优先\Z8图的搜索-深度优先.vcxproj", "{56DD143A-3080-40B4-B91C-7F34DDD8AC4C}"
EndProject
Project("{8BC9CEB8-8B4A-11D0-8D11-00A0C91BC942}") = "2.8矩阵相乘", "2.8矩阵相乘\2.8矩阵相乘.vcxproj", "{43A07ADC-A537-4F04-A2F9-F25350157BE9}"
EndProject
Project("{8BC9CEB8-8B4A-11D0-8D11-00A0C91BC942}") = "Z9图的连通", "Z9图的连通\Z9图的连通.vcxproj", "{6BCF4F92-7183-4778-B44D-1B7215266396}"
EndProject
Project("{8BC9CEB8-8B4A-11D0-8D11-00A0C91BC942}") = "Z10图的强连通分量", "Z10图的强连通分量\Z10图的强连通分量.vcxproj", "{A47723CE-6D32-4C07-9B09-4F224A5723F1}"
EndProject
Project("{8BC9CEB8-8B4A-11D0-8D11-00A0C91BC942}") = "2.9完美洗牌算法", "2.9完美洗牌算法\2.9完美洗牌算法.vcxproj", "{4029B03A-B19B-420F-BD27-660CEEE35F3F}"
EndProject
Project("{8BC9CEB8-8B4A-11D0-8D11-00A0C91BC942}") = "Z11最短路径", "Z11最短路径\Z11最短路径.vcxproj", "{7B6CD1AA-4219-436C-A805-9243F284508F}"
EndProject
Project("{8BC9CEB8-8B4A-11D0-8D11-00A0C91BC942}") = "Z13关键路径", "Z13关键路径\Z13关键路径.vcxproj", "{0D5B0004-7093-4254-9DFB-716BE211C33E}"
EndProject
Project("{8BC9CEB8-8B4A-11D0-8D11-00A0C91BC942}") = "Z12最小生成树", "Z12最小生成树\Z12最小生成树.vcxproj", "{60E816A0-A3A8-4F47-81BE-C878A1C91AC8}"
EndProject
Project("{8BC9CEB8-8B4A-11D0-8D11-00A0C91BC942}") = "Z14折半查找和哈希表查找", "Z14折半查找和哈希表查找\Z14折半查找和哈希表查找.vcxproj", "{C82C49C0-7D67-4A70-A5E7-EB7444E432C9}"
EndProject
Project("{8BC9CEB8-8B4A-11D0-8D11-00A0C91BC942}") = "Z15哈希表查找", "Z15哈希表查找\Z15哈希表查找.vcxproj", "{420AC53F-83FA-435B-9DF0-6E98FAABE54B}"
EndProject
Project("{8BC9CEB8-8B4A-11D0-8D11-00A0C91BC942}") = "Z16二叉搜索树", "Z15二叉搜索树\Z15二叉搜索树.vcxproj", "{2D772394-461A-40AF-BDEA-865C90CE2FC7}"
EndProject
Project("{8BC9CEB8-8B4A-11D0-8D11-00A0C91BC942}") = "Z17平衡二叉查找树", "Z17平衡二叉查找树\Z17平衡二叉查找树.vcxproj", "{25A57085-2E4A-4DDE-BE67-44E7B5CBB4D7}"
EndProject
Project("{8BC9CEB8-8B4A-11D0-8D11-00A0C91BC942}") = "4.1有序数组的查找", "4.1有序数组的查找\4.1有序数组的查找.vcxproj", "{F99EBC27-2788-45EC-8C2A-F85E2A7CB1F0}"
EndProject
Project("{8BC9CEB8-8B4A-11D0-8D11-00A0C91BC942}") = "4.2行列递增矩阵的查找", "4.2行列递增矩阵的查找\4.2行列递增矩阵的查找.vcxproj", "{FE18988A-7540-4108-9BCA-2E2F1D55EA0F}"
EndProject
Project("{8BC9CEB8-8B4A-11D0-8D11-00A0C91BC942}") = "Z18插入排序与冒泡排序", "Z18插入排序与冒泡排序\Z18插入排序与冒泡排序.vcxproj", "{E6D63433-0387-452F-B93E-2515A5C8BB69}"
EndProject
Project("{8BC9CEB8-8B4A-11D0-8D11-00A0C91BC942}") = "Z19斐波那契数列的logn解法", "Z19斐波那契数列的logn解法\Z19斐波那契数列的logn解法.vcxproj", "{45C33F90-A4A6-44C8-AA5A-9BB94DD6F28D}"
EndProject
Global
	GlobalSection(SolutionConfigurationPlatforms) = preSolution
		Debug|x64 = Debug|x64
		Debug|x86 = Debug|x86
		Release|x64 = Release|x64
		Release|x86 = Release|x86
	EndGlobalSection
	GlobalSection(ProjectConfigurationPlatforms) = postSolution
		{50CE0F45-129E-4D8A-879F-B44D0F92669B}.Debug|x64.ActiveCfg = Debug|x64
		{50CE0F45-129E-4D8A-879F-B44D0F92669B}.Debug|x64.Build.0 = Debug|x64
		{50CE0F45-129E-4D8A-879F-B44D0F92669B}.Debug|x86.ActiveCfg = Debug|Win32
		{50CE0F45-129E-4D8A-879F-B44D0F92669B}.Debug|x86.Build.0 = Debug|Win32
		{50CE0F45-129E-4D8A-879F-B44D0F92669B}.Release|x64.ActiveCfg = Release|x64
		{50CE0F45-129E-4D8A-879F-B44D0F92669B}.Release|x64.Build.0 = Release|x64
		{50CE0F45-129E-4D8A-879F-B44D0F92669B}.Release|x86.ActiveCfg = Release|Win32
		{50CE0F45-129E-4D8A-879F-B44D0F92669B}.Release|x86.Build.0 = Release|Win32
		{ECA2F842-AEC5-4E51-B66F-7B7FF915D8EB}.Debug|x64.ActiveCfg = Debug|x64
		{ECA2F842-AEC5-4E51-B66F-7B7FF915D8EB}.Debug|x64.Build.0 = Debug|x64
		{ECA2F842-AEC5-4E51-B66F-7B7FF915D8EB}.Debug|x86.ActiveCfg = Debug|Win32
		{ECA2F842-AEC5-4E51-B66F-7B7FF915D8EB}.Debug|x86.Build.0 = Debug|Win32
		{ECA2F842-AEC5-4E51-B66F-7B7FF915D8EB}.Release|x64.ActiveCfg = Release|x64
		{ECA2F842-AEC5-4E51-B66F-7B7FF915D8EB}.Release|x64.Build.0 = Release|x64
		{ECA2F842-AEC5-4E51-B66F-7B7FF915D8EB}.Release|x86.ActiveCfg = Release|Win32
		{ECA2F842-AEC5-4E51-B66F-7B7FF915D8EB}.Release|x86.Build.0 = Release|Win32
		{62DE988D-04B4-442B-A3A4-70CDB5AA6C66}.Debug|x64.ActiveCfg = Debug|x64
		{62DE988D-04B4-442B-A3A4-70CDB5AA6C66}.Debug|x64.Build.0 = Debug|x64
		{62DE988D-04B4-442B-A3A4-70CDB5AA6C66}.Debug|x86.ActiveCfg = Debug|Win32
		{62DE988D-04B4-442B-A3A4-70CDB5AA6C66}.Debug|x86.Build.0 = Debug|Win32
		{62DE988D-04B4-442B-A3A4-70CDB5AA6C66}.Release|x64.ActiveCfg = Release|x64
		{62DE988D-04B4-442B-A3A4-70CDB5AA6C66}.Release|x64.Build.0 = Release|x64
		{62DE988D-04B4-442B-A3A4-70CDB5AA6C66}.Release|x86.ActiveCfg = Release|Win32
		{62DE988D-04B4-442B-A3A4-70CDB5AA6C66}.Release|x86.Build.0 = Release|Win32
		{0F5FA16D-3A77-489C-9F55-9BA4FEBAF5A0}.Debug|x64.ActiveCfg = Debug|x64
		{0F5FA16D-3A77-489C-9F55-9BA4FEBAF5A0}.Debug|x64.Build.0 = Debug|x64
		{0F5FA16D-3A77-489C-9F55-9BA4FEBAF5A0}.Debug|x86.ActiveCfg = Debug|Win32
		{0F5FA16D-3A77-489C-9F55-9BA4FEBAF5A0}.Debug|x86.Build.0 = Debug|Win32
		{0F5FA16D-3A77-489C-9F55-9BA4FEBAF5A0}.Release|x64.ActiveCfg = Release|x64
		{0F5FA16D-3A77-489C-9F55-9BA4FEBAF5A0}.Release|x64.Build.0 = Release|x64
		{0F5FA16D-3A77-489C-9F55-9BA4FEBAF5A0}.Release|x86.ActiveCfg = Release|Win32
		{0F5FA16D-3A77-489C-9F55-9BA4FEBAF5A0}.Release|x86.Build.0 = Release|Win32
		{F8B80CA7-1EB9-4B3B-BBF7-C34C6BCF71A2}.Debug|x64.ActiveCfg = Debug|x64
		{F8B80CA7-1EB9-4B3B-BBF7-C34C6BCF71A2}.Debug|x64.Build.0 = Debug|x64
		{F8B80CA7-1EB9-4B3B-BBF7-C34C6BCF71A2}.Debug|x86.ActiveCfg = Debug|Win32
		{F8B80CA7-1EB9-4B3B-BBF7-C34C6BCF71A2}.Debug|x86.Build.0 = Debug|Win32
		{F8B80CA7-1EB9-4B3B-BBF7-C34C6BCF71A2}.Release|x64.ActiveCfg = Release|x64
		{F8B80CA7-1EB9-4B3B-BBF7-C34C6BCF71A2}.Release|x64.Build.0 = Release|x64
		{F8B80CA7-1EB9-4B3B-BBF7-C34C6BCF71A2}.Release|x86.ActiveCfg = Release|Win32
		{F8B80CA7-1EB9-4B3B-BBF7-C34C6BCF71A2}.Release|x86.Build.0 = Release|Win32
		{7AAB5630-ED1C-4B2C-92F5-FA36178E3336}.Debug|x64.ActiveCfg = Debug|x64
		{7AAB5630-ED1C-4B2C-92F5-FA36178E3336}.Debug|x64.Build.0 = Debug|x64
		{7AAB5630-ED1C-4B2C-92F5-FA36178E3336}.Debug|x86.ActiveCfg = Debug|Win32
		{7AAB5630-ED1C-4B2C-92F5-FA36178E3336}.Debug|x86.Build.0 = Debug|Win32
		{7AAB5630-ED1C-4B2C-92F5-FA36178E3336}.Release|x64.ActiveCfg = Release|x64
		{7AAB5630-ED1C-4B2C-92F5-FA36178E3336}.Release|x64.Build.0 = Release|x64
		{7AAB5630-ED1C-4B2C-92F5-FA36178E3336}.Release|x86.ActiveCfg = Release|Win32
		{7AAB5630-ED1C-4B2C-92F5-FA36178E3336}.Release|x86.Build.0 = Release|Win32
		{AE692A47-28E1-4F4A-86B3-0AFE6A5D38EF}.Debug|x64.ActiveCfg = Debug|x64
		{AE692A47-28E1-4F4A-86B3-0AFE6A5D38EF}.Debug|x64.Build.0 = Debug|x64
		{AE692A47-28E1-4F4A-86B3-0AFE6A5D38EF}.Debug|x86.ActiveCfg = Debug|Win32
		{AE692A47-28E1-4F4A-86B3-0AFE6A5D38EF}.Debug|x86.Build.0 = Debug|Win32
		{AE692A47-28E1-4F4A-86B3-0AFE6A5D38EF}.Release|x64.ActiveCfg = Release|x64
		{AE692A47-28E1-4F4A-86B3-0AFE6A5D38EF}.Release|x64.Build.0 = Release|x64
		{AE692A47-28E1-4F4A-86B3-0AFE6A5D38EF}.Release|x86.ActiveCfg = Release|Win32
		{AE692A47-28E1-4F4A-86B3-0AFE6A5D38EF}.Release|x86.Build.0 = Release|Win32
		{2A0AD15B-06A6-4A56-9766-6BCE46109F2A}.Debug|x64.ActiveCfg = Debug|x64
		{2A0AD15B-06A6-4A56-9766-6BCE46109F2A}.Debug|x64.Build.0 = Debug|x64
		{2A0AD15B-06A6-4A56-9766-6BCE46109F2A}.Debug|x86.ActiveCfg = Debug|Win32
		{2A0AD15B-06A6-4A56-9766-6BCE46109F2A}.Debug|x86.Build.0 = Debug|Win32
		{2A0AD15B-06A6-4A56-9766-6BCE46109F2A}.Release|x64.ActiveCfg = Release|x64
		{2A0AD15B-06A6-4A56-9766-6BCE46109F2A}.Release|x64.Build.0 = Release|x64
		{2A0AD15B-06A6-4A56-9766-6BCE46109F2A}.Release|x86.ActiveCfg = Release|Win32
		{2A0AD15B-06A6-4A56-9766-6BCE46109F2A}.Release|x86.Build.0 = Release|Win32
		{0D3B0B83-8982-48F0-A063-A29CB211F1EF}.Debug|x64.ActiveCfg = Debug|x64
		{0D3B0B83-8982-48F0-A063-A29CB211F1EF}.Debug|x64.Build.0 = Debug|x64
		{0D3B0B83-8982-48F0-A063-A29CB211F1EF}.Debug|x86.ActiveCfg = Debug|Win32
		{0D3B0B83-8982-48F0-A063-A29CB211F1EF}.Debug|x86.Build.0 = Debug|Win32
		{0D3B0B83-8982-48F0-A063-A29CB211F1EF}.Release|x64.ActiveCfg = Release|x64
		{0D3B0B83-8982-48F0-A063-A29CB211F1EF}.Release|x64.Build.0 = Release|x64
		{0D3B0B83-8982-48F0-A063-A29CB211F1EF}.Release|x86.ActiveCfg = Release|Win32
		{0D3B0B83-8982-48F0-A063-A29CB211F1EF}.Release|x86.Build.0 = Release|Win32
		{CEE4780B-EFDC-4069-AEA9-2489F8B296A8}.Debug|x64.ActiveCfg = Debug|x64
		{CEE4780B-EFDC-4069-AEA9-2489F8B296A8}.Debug|x64.Build.0 = Debug|x64
		{CEE4780B-EFDC-4069-AEA9-2489F8B296A8}.Debug|x86.ActiveCfg = Debug|Win32
		{CEE4780B-EFDC-4069-AEA9-2489F8B296A8}.Debug|x86.Build.0 = Debug|Win32
		{CEE4780B-EFDC-4069-AEA9-2489F8B296A8}.Release|x64.ActiveCfg = Release|x64
		{CEE4780B-EFDC-4069-AEA9-2489F8B296A8}.Release|x64.Build.0 = Release|x64
		{CEE4780B-EFDC-4069-AEA9-2489F8B296A8}.Release|x86.ActiveCfg = Release|Win32
		{CEE4780B-EFDC-4069-AEA9-2489F8B296A8}.Release|x86.Build.0 = Release|Win32
		{7AAFB23F-8C00-4004-B30C-F509152E6FBF}.Debug|x64.ActiveCfg = Debug|x64
		{7AAFB23F-8C00-4004-B30C-F509152E6FBF}.Debug|x64.Build.0 = Debug|x64
		{7AAFB23F-8C00-4004-B30C-F509152E6FBF}.Debug|x86.ActiveCfg = Debug|Win32
		{7AAFB23F-8C00-4004-B30C-F509152E6FBF}.Debug|x86.Build.0 = Debug|Win32
		{7AAFB23F-8C00-4004-B30C-F509152E6FBF}.Release|x64.ActiveCfg = Release|x64
		{7AAFB23F-8C00-4004-B30C-F509152E6FBF}.Release|x64.Build.0 = Release|x64
		{7AAFB23F-8C00-4004-B30C-F509152E6FBF}.Release|x86.ActiveCfg = Release|Win32
		{7AAFB23F-8C00-4004-B30C-F509152E6FBF}.Release|x86.Build.0 = Release|Win32
		{29E5C095-A36C-4D8D-802F-FE34433D83FA}.Debug|x64.ActiveCfg = Debug|x64
		{29E5C095-A36C-4D8D-802F-FE34433D83FA}.Debug|x64.Build.0 = Debug|x64
		{29E5C095-A36C-4D8D-802F-FE34433D83FA}.Debug|x86.ActiveCfg = Debug|Win32
		{29E5C095-A36C-4D8D-802F-FE34433D83FA}.Debug|x86.Build.0 = Debug|Win32
		{29E5C095-A36C-4D8D-802F-FE34433D83FA}.Release|x64.ActiveCfg = Release|x64
		{29E5C095-A36C-4D8D-802F-FE34433D83FA}.Release|x64.Build.0 = Release|x64
		{29E5C095-A36C-4D8D-802F-FE34433D83FA}.Release|x86.ActiveCfg = Release|Win32
		{29E5C095-A36C-4D8D-802F-FE34433D83FA}.Release|x86.Build.0 = Release|Win32
		{BFFBA0BC-62EF-4168-B3D1-99AA8548D80C}.Debug|x64.ActiveCfg = Debug|x64
		{BFFBA0BC-62EF-4168-B3D1-99AA8548D80C}.Debug|x64.Build.0 = Debug|x64
		{BFFBA0BC-62EF-4168-B3D1-99AA8548D80C}.Debug|x86.ActiveCfg = Debug|Win32
		{BFFBA0BC-62EF-4168-B3D1-99AA8548D80C}.Debug|x86.Build.0 = Debug|Win32
		{BFFBA0BC-62EF-4168-B3D1-99AA8548D80C}.Release|x64.ActiveCfg = Release|x64
		{BFFBA0BC-62EF-4168-B3D1-99AA8548D80C}.Release|x64.Build.0 = Release|x64
		{BFFBA0BC-62EF-4168-B3D1-99AA8548D80C}.Release|x86.ActiveCfg = Release|Win32
		{BFFBA0BC-62EF-4168-B3D1-99AA8548D80C}.Release|x86.Build.0 = Release|Win32
		{FD30314B-07E5-407C-ADBA-063E9EF2A9B1}.Debug|x64.ActiveCfg = Debug|x64
		{FD30314B-07E5-407C-ADBA-063E9EF2A9B1}.Debug|x64.Build.0 = Debug|x64
		{FD30314B-07E5-407C-ADBA-063E9EF2A9B1}.Debug|x86.ActiveCfg = Debug|Win32
		{FD30314B-07E5-407C-ADBA-063E9EF2A9B1}.Debug|x86.Build.0 = Debug|Win32
		{FD30314B-07E5-407C-ADBA-063E9EF2A9B1}.Release|x64.ActiveCfg = Release|x64
		{FD30314B-07E5-407C-ADBA-063E9EF2A9B1}.Release|x64.Build.0 = Release|x64
		{FD30314B-07E5-407C-ADBA-063E9EF2A9B1}.Release|x86.ActiveCfg = Release|Win32
		{FD30314B-07E5-407C-ADBA-063E9EF2A9B1}.Release|x86.Build.0 = Release|Win32
		{CA83D66F-A79F-4E2B-BB97-FE5661BFA9E4}.Debug|x64.ActiveCfg = Debug|x64
		{CA83D66F-A79F-4E2B-BB97-FE5661BFA9E4}.Debug|x64.Build.0 = Debug|x64
		{CA83D66F-A79F-4E2B-BB97-FE5661BFA9E4}.Debug|x86.ActiveCfg = Debug|Win32
		{CA83D66F-A79F-4E2B-BB97-FE5661BFA9E4}.Debug|x86.Build.0 = Debug|Win32
		{CA83D66F-A79F-4E2B-BB97-FE5661BFA9E4}.Release|x64.ActiveCfg = Release|x64
		{CA83D66F-A79F-4E2B-BB97-FE5661BFA9E4}.Release|x64.Build.0 = Release|x64
		{CA83D66F-A79F-4E2B-BB97-FE5661BFA9E4}.Release|x86.ActiveCfg = Release|Win32
		{CA83D66F-A79F-4E2B-BB97-FE5661BFA9E4}.Release|x86.Build.0 = Release|Win32
		{30408236-A1EA-4E45-9904-C4154DAEA01D}.Debug|x64.ActiveCfg = Debug|x64
		{30408236-A1EA-4E45-9904-C4154DAEA01D}.Debug|x64.Build.0 = Debug|x64
		{30408236-A1EA-4E45-9904-C4154DAEA01D}.Debug|x86.ActiveCfg = Debug|Win32
		{30408236-A1EA-4E45-9904-C4154DAEA01D}.Debug|x86.Build.0 = Debug|Win32
		{30408236-A1EA-4E45-9904-C4154DAEA01D}.Release|x64.ActiveCfg = Release|x64
		{30408236-A1EA-4E45-9904-C4154DAEA01D}.Release|x64.Build.0 = Release|x64
		{30408236-A1EA-4E45-9904-C4154DAEA01D}.Release|x86.ActiveCfg = Release|Win32
		{30408236-A1EA-4E45-9904-C4154DAEA01D}.Release|x86.Build.0 = Release|Win32
		{41C91074-C599-48C5-B393-1EDA43E53138}.Debug|x64.ActiveCfg = Debug|x64
		{41C91074-C599-48C5-B393-1EDA43E53138}.Debug|x64.Build.0 = Debug|x64
		{41C91074-C599-48C5-B393-1EDA43E53138}.Debug|x86.ActiveCfg = Debug|Win32
		{41C91074-C599-48C5-B393-1EDA43E53138}.Debug|x86.Build.0 = Debug|Win32
		{41C91074-C599-48C5-B393-1EDA43E53138}.Release|x64.ActiveCfg = Release|x64
		{41C91074-C599-48C5-B393-1EDA43E53138}.Release|x64.Build.0 = Release|x64
		{41C91074-C599-48C5-B393-1EDA43E53138}.Release|x86.ActiveCfg = Release|Win32
		{41C91074-C599-48C5-B393-1EDA43E53138}.Release|x86.Build.0 = Release|Win32
		{563B8E9C-B48B-4CA6-8237-B001477D5FA0}.Debug|x64.ActiveCfg = Debug|x64
		{563B8E9C-B48B-4CA6-8237-B001477D5FA0}.Debug|x64.Build.0 = Debug|x64
		{563B8E9C-B48B-4CA6-8237-B001477D5FA0}.Debug|x86.ActiveCfg = Debug|Win32
		{563B8E9C-B48B-4CA6-8237-B001477D5FA0}.Debug|x86.Build.0 = Debug|Win32
		{563B8E9C-B48B-4CA6-8237-B001477D5FA0}.Release|x64.ActiveCfg = Release|x64
		{563B8E9C-B48B-4CA6-8237-B001477D5FA0}.Release|x64.Build.0 = Release|x64
		{563B8E9C-B48B-4CA6-8237-B001477D5FA0}.Release|x86.ActiveCfg = Release|Win32
		{563B8E9C-B48B-4CA6-8237-B001477D5FA0}.Release|x86.Build.0 = Release|Win32
		{54CA5B0B-BEE3-489D-BB5F-CD250240276A}.Debug|x64.ActiveCfg = Debug|x64
		{54CA5B0B-BEE3-489D-BB5F-CD250240276A}.Debug|x64.Build.0 = Debug|x64
		{54CA5B0B-BEE3-489D-BB5F-CD250240276A}.Debug|x86.ActiveCfg = Debug|Win32
		{54CA5B0B-BEE3-489D-BB5F-CD250240276A}.Debug|x86.Build.0 = Debug|Win32
		{54CA5B0B-BEE3-489D-BB5F-CD250240276A}.Release|x64.ActiveCfg = Release|x64
		{54CA5B0B-BEE3-489D-BB5F-CD250240276A}.Release|x64.Build.0 = Release|x64
		{54CA5B0B-BEE3-489D-BB5F-CD250240276A}.Release|x86.ActiveCfg = Release|Win32
		{54CA5B0B-BEE3-489D-BB5F-CD250240276A}.Release|x86.Build.0 = Release|Win32
		{3B29A098-D709-411D-9AC3-22D0D1114F7C}.Debug|x64.ActiveCfg = Debug|x64
		{3B29A098-D709-411D-9AC3-22D0D1114F7C}.Debug|x64.Build.0 = Debug|x64
		{3B29A098-D709-411D-9AC3-22D0D1114F7C}.Debug|x86.ActiveCfg = Debug|Win32
		{3B29A098-D709-411D-9AC3-22D0D1114F7C}.Debug|x86.Build.0 = Debug|Win32
		{3B29A098-D709-411D-9AC3-22D0D1114F7C}.Release|x64.ActiveCfg = Release|x64
		{3B29A098-D709-411D-9AC3-22D0D1114F7C}.Release|x64.Build.0 = Release|x64
		{3B29A098-D709-411D-9AC3-22D0D1114F7C}.Release|x86.ActiveCfg = Release|Win32
		{3B29A098-D709-411D-9AC3-22D0D1114F7C}.Release|x86.Build.0 = Release|Win32
		{FCE48E05-D3CE-4E77-923B-F8A96F94073A}.Debug|x64.ActiveCfg = Debug|x64
		{FCE48E05-D3CE-4E77-923B-F8A96F94073A}.Debug|x64.Build.0 = Debug|x64
		{FCE48E05-D3CE-4E77-923B-F8A96F94073A}.Debug|x86.ActiveCfg = Debug|Win32
		{FCE48E05-D3CE-4E77-923B-F8A96F94073A}.Debug|x86.Build.0 = Debug|Win32
		{FCE48E05-D3CE-4E77-923B-F8A96F94073A}.Release|x64.ActiveCfg = Release|x64
		{FCE48E05-D3CE-4E77-923B-F8A96F94073A}.Release|x64.Build.0 = Release|x64
		{FCE48E05-D3CE-4E77-923B-F8A96F94073A}.Release|x86.ActiveCfg = Release|Win32
		{FCE48E05-D3CE-4E77-923B-F8A96F94073A}.Release|x86.Build.0 = Release|Win32
		{69BDD2A4-2C6B-4BB2-8746-720B9FE6ED08}.Debug|x64.ActiveCfg = Debug|x64
		{69BDD2A4-2C6B-4BB2-8746-720B9FE6ED08}.Debug|x64.Build.0 = Debug|x64
		{69BDD2A4-2C6B-4BB2-8746-720B9FE6ED08}.Debug|x86.ActiveCfg = Debug|Win32
		{69BDD2A4-2C6B-4BB2-8746-720B9FE6ED08}.Debug|x86.Build.0 = Debug|Win32
		{69BDD2A4-2C6B-4BB2-8746-720B9FE6ED08}.Release|x64.ActiveCfg = Release|x64
		{69BDD2A4-2C6B-4BB2-8746-720B9FE6ED08}.Release|x64.Build.0 = Release|x64
		{69BDD2A4-2C6B-4BB2-8746-720B9FE6ED08}.Release|x86.ActiveCfg = Release|Win32
		{69BDD2A4-2C6B-4BB2-8746-720B9FE6ED08}.Release|x86.Build.0 = Release|Win32
		{56DD143A-3080-40B4-B91C-7F34DDD8AC4C}.Debug|x64.ActiveCfg = Debug|x64
		{56DD143A-3080-40B4-B91C-7F34DDD8AC4C}.Debug|x64.Build.0 = Debug|x64
		{56DD143A-3080-40B4-B91C-7F34DDD8AC4C}.Debug|x86.ActiveCfg = Debug|Win32
		{56DD143A-3080-40B4-B91C-7F34DDD8AC4C}.Debug|x86.Build.0 = Debug|Win32
		{56DD143A-3080-40B4-B91C-7F34DDD8AC4C}.Release|x64.ActiveCfg = Release|x64
		{56DD143A-3080-40B4-B91C-7F34DDD8AC4C}.Release|x64.Build.0 = Release|x64
		{56DD143A-3080-40B4-B91C-7F34DDD8AC4C}.Release|x86.ActiveCfg = Release|Win32
		{56DD143A-3080-40B4-B91C-7F34DDD8AC4C}.Release|x86.Build.0 = Release|Win32
		{43A07ADC-A537-4F04-A2F9-F25350157BE9}.Debug|x64.ActiveCfg = Debug|x64
		{43A07ADC-A537-4F04-A2F9-F25350157BE9}.Debug|x64.Build.0 = Debug|x64
		{43A07ADC-A537-4F04-A2F9-F25350157BE9}.Debug|x86.ActiveCfg = Debug|Win32
		{43A07ADC-A537-4F04-A2F9-F25350157BE9}.Debug|x86.Build.0 = Debug|Win32
		{43A07ADC-A537-4F04-A2F9-F25350157BE9}.Release|x64.ActiveCfg = Release|x64
		{43A07ADC-A537-4F04-A2F9-F25350157BE9}.Release|x64.Build.0 = Release|x64
		{43A07ADC-A537-4F04-A2F9-F25350157BE9}.Release|x86.ActiveCfg = Release|Win32
		{43A07ADC-A537-4F04-A2F9-F25350157BE9}.Release|x86.Build.0 = Release|Win32
		{6BCF4F92-7183-4778-B44D-1B7215266396}.Debug|x64.ActiveCfg = Debug|x64
		{6BCF4F92-7183-4778-B44D-1B7215266396}.Debug|x64.Build.0 = Debug|x64
		{6BCF4F92-7183-4778-B44D-1B7215266396}.Debug|x86.ActiveCfg = Debug|Win32
		{6BCF4F92-7183-4778-B44D-1B7215266396}.Debug|x86.Build.0 = Debug|Win32
		{6BCF4F92-7183-4778-B44D-1B7215266396}.Release|x64.ActiveCfg = Release|x64
		{6BCF4F92-7183-4778-B44D-1B7215266396}.Release|x64.Build.0 = Release|x64
		{6BCF4F92-7183-4778-B44D-1B7215266396}.Release|x86.ActiveCfg = Release|Win32
		{6BCF4F92-7183-4778-B44D-1B7215266396}.Release|x86.Build.0 = Release|Win32
		{A47723CE-6D32-4C07-9B09-4F224A5723F1}.Debug|x64.ActiveCfg = Debug|x64
		{A47723CE-6D32-4C07-9B09-4F224A5723F1}.Debug|x64.Build.0 = Debug|x64
		{A47723CE-6D32-4C07-9B09-4F224A5723F1}.Debug|x86.ActiveCfg = Debug|Win32
		{A47723CE-6D32-4C07-9B09-4F224A5723F1}.Debug|x86.Build.0 = Debug|Win32
		{A47723CE-6D32-4C07-9B09-4F224A5723F1}.Release|x64.ActiveCfg = Release|x64
		{A47723CE-6D32-4C07-9B09-4F224A5723F1}.Release|x64.Build.0 = Release|x64
		{A47723CE-6D32-4C07-9B09-4F224A5723F1}.Release|x86.ActiveCfg = Release|Win32
		{A47723CE-6D32-4C07-9B09-4F224A5723F1}.Release|x86.Build.0 = Release|Win32
		{4029B03A-B19B-420F-BD27-660CEEE35F3F}.Debug|x64.ActiveCfg = Debug|x64
		{4029B03A-B19B-420F-BD27-660CEEE35F3F}.Debug|x64.Build.0 = Debug|x64
		{4029B03A-B19B-420F-BD27-660CEEE35F3F}.Debug|x86.ActiveCfg = Debug|Win32
		{4029B03A-B19B-420F-BD27-660CEEE35F3F}.Debug|x86.Build.0 = Debug|Win32
		{4029B03A-B19B-420F-BD27-660CEEE35F3F}.Release|x64.ActiveCfg = Release|x64
		{4029B03A-B19B-420F-BD27-660CEEE35F3F}.Release|x64.Build.0 = Release|x64
		{4029B03A-B19B-420F-BD27-660CEEE35F3F}.Release|x86.ActiveCfg = Release|Win32
		{4029B03A-B19B-420F-BD27-660CEEE35F3F}.Release|x86.Build.0 = Release|Win32
		{7B6CD1AA-4219-436C-A805-9243F284508F}.Debug|x64.ActiveCfg = Debug|x64
		{7B6CD1AA-4219-436C-A805-9243F284508F}.Debug|x64.Build.0 = Debug|x64
		{7B6CD1AA-4219-436C-A805-9243F284508F}.Debug|x86.ActiveCfg = Debug|Win32
		{7B6CD1AA-4219-436C-A805-9243F284508F}.Debug|x86.Build.0 = Debug|Win32
		{7B6CD1AA-4219-436C-A805-9243F284508F}.Release|x64.ActiveCfg = Release|x64
		{7B6CD1AA-4219-436C-A805-9243F284508F}.Release|x64.Build.0 = Release|x64
		{7B6CD1AA-4219-436C-A805-9243F284508F}.Release|x86.ActiveCfg = Release|Win32
		{7B6CD1AA-4219-436C-A805-9243F284508F}.Release|x86.Build.0 = Release|Win32
		{0D5B0004-7093-4254-9DFB-716BE211C33E}.Debug|x64.ActiveCfg = Debug|x64
		{0D5B0004-7093-4254-9DFB-716BE211C33E}.Debug|x64.Build.0 = Debug|x64
		{0D5B0004-7093-4254-9DFB-716BE211C33E}.Debug|x86.ActiveCfg = Debug|Win32
		{0D5B0004-7093-4254-9DFB-716BE211C33E}.Debug|x86.Build.0 = Debug|Win32
		{0D5B0004-7093-4254-9DFB-716BE211C33E}.Release|x64.ActiveCfg = Release|x64
		{0D5B0004-7093-4254-9DFB-716BE211C33E}.Release|x64.Build.0 = Release|x64
		{0D5B0004-7093-4254-9DFB-716BE211C33E}.Release|x86.ActiveCfg = Release|Win32
		{0D5B0004-7093-4254-9DFB-716BE211C33E}.Release|x86.Build.0 = Release|Win32
		{60E816A0-A3A8-4F47-81BE-C878A1C91AC8}.Debug|x64.ActiveCfg = Debug|x64
		{60E816A0-A3A8-4F47-81BE-C878A1C91AC8}.Debug|x64.Build.0 = Debug|x64
		{60E816A0-A3A8-4F47-81BE-C878A1C91AC8}.Debug|x86.ActiveCfg = Debug|Win32
		{60E816A0-A3A8-4F47-81BE-C878A1C91AC8}.Debug|x86.Build.0 = Debug|Win32
		{60E816A0-A3A8-4F47-81BE-C878A1C91AC8}.Release|x64.ActiveCfg = Release|x64
		{60E816A0-A3A8-4F47-81BE-C878A1C91AC8}.Release|x64.Build.0 = Release|x64
		{60E816A0-A3A8-4F47-81BE-C878A1C91AC8}.Release|x86.ActiveCfg = Release|Win32
		{60E816A0-A3A8-4F47-81BE-C878A1C91AC8}.Release|x86.Build.0 = Release|Win32
		{C82C49C0-7D67-4A70-A5E7-EB7444E432C9}.Debug|x64.ActiveCfg = Debug|x64
		{C82C49C0-7D67-4A70-A5E7-EB7444E432C9}.Debug|x64.Build.0 = Debug|x64
		{C82C49C0-7D67-4A70-A5E7-EB7444E432C9}.Debug|x86.ActiveCfg = Debug|Win32
		{C82C49C0-7D67-4A70-A5E7-EB7444E432C9}.Debug|x86.Build.0 = Debug|Win32
		{C82C49C0-7D67-4A70-A5E7-EB7444E432C9}.Release|x64.ActiveCfg = Release|x64
		{C82C49C0-7D67-4A70-A5E7-EB7444E432C9}.Release|x64.Build.0 = Release|x64
		{C82C49C0-7D67-4A70-A5E7-EB7444E432C9}.Release|x86.ActiveCfg = Release|Win32
		{C82C49C0-7D67-4A70-A5E7-EB7444E432C9}.Release|x86.Build.0 = Release|Win32
		{420AC53F-83FA-435B-9DF0-6E98FAABE54B}.Debug|x64.ActiveCfg = Debug|x64
		{420AC53F-83FA-435B-9DF0-6E98FAABE54B}.Debug|x64.Build.0 = Debug|x64
		{420AC53F-83FA-435B-9DF0-6E98FAABE54B}.Debug|x86.ActiveCfg = Debug|Win32
		{420AC53F-83FA-435B-9DF0-6E98FAABE54B}.Debug|x86.Build.0 = Debug|Win32
		{420AC53F-83FA-435B-9DF0-6E98FAABE54B}.Release|x64.ActiveCfg = Release|x64
		{420AC53F-83FA-435B-9DF0-6E98FAABE54B}.Release|x64.Build.0 = Release|x64
		{420AC53F-83FA-435B-9DF0-6E98FAABE54B}.Release|x86.ActiveCfg = Release|Win32
		{420AC53F-83FA-435B-9DF0-6E98FAABE54B}.Release|x86.Build.0 = Release|Win32
		{2D772394-461A-40AF-BDEA-865C90CE2FC7}.Debug|x64.ActiveCfg = Debug|x64
		{2D772394-461A-40AF-BDEA-865C90CE2FC7}.Debug|x64.Build.0 = Debug|x64
		{2D772394-461A-40AF-BDEA-865C90CE2FC7}.Debug|x86.ActiveCfg = Debug|Win32
		{2D772394-461A-40AF-BDEA-865C90CE2FC7}.Debug|x86.Build.0 = Debug|Win32
		{2D772394-461A-40AF-BDEA-865C90CE2FC7}.Release|x64.ActiveCfg = Release|x64
		{2D772394-461A-40AF-BDEA-865C90CE2FC7}.Release|x64.Build.0 = Release|x64
		{2D772394-461A-40AF-BDEA-865C90CE2FC7}.Release|x86.ActiveCfg = Release|Win32
		{2D772394-461A-40AF-BDEA-865C90CE2FC7}.Release|x86.Build.0 = Release|Win32
		{25A57085-2E4A-4DDE-BE67-44E7B5CBB4D7}.Debug|x64.ActiveCfg = Debug|x64
		{25A57085-2E4A-4DDE-BE67-44E7B5CBB4D7}.Debug|x64.Build.0 = Debug|x64
		{25A57085-2E4A-4DDE-BE67-44E7B5CBB4D7}.Debug|x86.ActiveCfg = Debug|Win32
		{25A57085-2E4A-4DDE-BE67-44E7B5CBB4D7}.Debug|x86.Build.0 = Debug|Win32
		{25A57085-2E4A-4DDE-BE67-44E7B5CBB4D7}.Release|x64.ActiveCfg = Release|x64
		{25A57085-2E4A-4DDE-BE67-44E7B5CBB4D7}.Release|x64.Build.0 = Release|x64
		{25A57085-2E4A-4DDE-BE67-44E7B5CBB4D7}.Release|x86.ActiveCfg = Release|Win32
		{25A57085-2E4A-4DDE-BE67-44E7B5CBB4D7}.Release|x86.Build.0 = Release|Win32
		{F99EBC27-2788-45EC-8C2A-F85E2A7CB1F0}.Debug|x64.ActiveCfg = Debug|x64
		{F99EBC27-2788-45EC-8C2A-F85E2A7CB1F0}.Debug|x64.Build.0 = Debug|x64
		{F99EBC27-2788-45EC-8C2A-F85E2A7CB1F0}.Debug|x86.ActiveCfg = Debug|Win32
		{F99EBC27-2788-45EC-8C2A-F85E2A7CB1F0}.Debug|x86.Build.0 = Debug|Win32
		{F99EBC27-2788-45EC-8C2A-F85E2A7CB1F0}.Release|x64.ActiveCfg = Release|x64
		{F99EBC27-2788-45EC-8C2A-F85E2A7CB1F0}.Release|x64.Build.0 = Release|x64
		{F99EBC27-2788-45EC-8C2A-F85E2A7CB1F0}.Release|x86.ActiveCfg = Release|Win32
		{F99EBC27-2788-45EC-8C2A-F85E2A7CB1F0}.Release|x86.Build.0 = Release|Win32
		{FE18988A-7540-4108-9BCA-2E2F1D55EA0F}.Debug|x64.ActiveCfg = Debug|x64
		{FE18988A-7540-4108-9BCA-2E2F1D55EA0F}.Debug|x64.Build.0 = Debug|x64
		{FE18988A-7540-4108-9BCA-2E2F1D55EA0F}.Debug|x86.ActiveCfg = Debug|Win32
		{FE18988A-7540-4108-9BCA-2E2F1D55EA0F}.Debug|x86.Build.0 = Debug|Win32
		{FE18988A-7540-4108-9BCA-2E2F1D55EA0F}.Release|x64.ActiveCfg = Release|x64
		{FE18988A-7540-4108-9BCA-2E2F1D55EA0F}.Release|x64.Build.0 = Release|x64
		{FE18988A-7540-4108-9BCA-2E2F1D55EA0F}.Release|x86.ActiveCfg = Release|Win32
		{FE18988A-7540-4108-9BCA-2E2F1D55EA0F}.Release|x86.Build.0 = Release|Win32
		{E6D63433-0387-452F-B93E-2515A5C8BB69}.Debug|x64.ActiveCfg = Debug|x64
		{E6D63433-0387-452F-B93E-2515A5C8BB69}.Debug|x64.Build.0 = Debug|x64
		{E6D63433-0387-452F-B93E-2515A5C8BB69}.Debug|x86.ActiveCfg = Debug|Win32
		{E6D63433-0387-452F-B93E-2515A5C8BB69}.Debug|x86.Build.0 = Debug|Win32
		{E6D63433-0387-452F-B93E-2515A5C8BB69}.Release|x64.ActiveCfg = Release|x64
		{E6D63433-0387-452F-B93E-2515A5C8BB69}.Release|x64.Build.0 = Release|x64
		{E6D63433-0387-452F-B93E-2515A5C8BB69}.Release|x86.ActiveCfg = Release|Win32
		{E6D63433-0387-452F-B93E-2515A5C8BB69}.Release|x86.Build.0 = Release|Win32
		{45C33F90-A4A6-44C8-AA5A-9BB94DD6F28D}.Debug|x64.ActiveCfg = Debug|x64
		{45C33F90-A4A6-44C8-AA5A-9BB94DD6F28D}.Debug|x64.Build.0 = Debug|x64
		{45C33F90-A4A6-44C8-AA5A-9BB94DD6F28D}.Debug|x86.ActiveCfg = Debug|Win32
		{45C33F90-A4A6-44C8-AA5A-9BB94DD6F28D}.Debug|x86.Build.0 = Debug|Win32
		{45C33F90-A4A6-44C8-AA5A-9BB94DD6F28D}.Release|x64.ActiveCfg = Release|x64
		{45C33F90-A4A6-44C8-AA5A-9BB94DD6F28D}.Release|x64.Build.0 = Release|x64
		{45C33F90-A4A6-44C8-AA5A-9BB94DD6F28D}.Release|x86.ActiveCfg = Release|Win32
		{45C33F90-A4A6-44C8-AA5A-9BB94DD6F28D}.Release|x86.Build.0 = Release|Win32
	EndGlobalSection
	GlobalSection(SolutionProperties) = preSolution
		HideSolutionNode = FALSE
	EndGlobalSection
	GlobalSection(ExtensibilityGlobals) = postSolution
		SolutionGuid = {C6C65E88-7A3B-4F3F-94FD-271A38180F54}
	EndGlobalSection
EndGlobal
