
Microsoft Visual Studio Solution File, Format Version 12.00
# Visual Studio Version 16
VisualStudioVersion = 16.0.29509.3
MinimumVisualStudioVersion = 10.0.40219.1
Project("{8BC9CEB8-8B4A-11D0-8D11-00A0C91BC942}") = "Algorithms-study", "Algorithms-study\Algorithms-study.vcxproj", "{50CE0F45-129E-4D8A-879F-B44D0F92669B}"
EndProject
Project("{8BC9CEB8-8B4A-11D0-8D11-00A0C91BC942}") = "1.1字符串的旋转", "字符串的旋转\字符串的旋转.vcxproj", "{ECA2F842-AEC5-4E51-B66F-7B7FF915D8EB}"
EndProject
Project("{8BC9CEB8-8B4A-11D0-8D11-00A0C91BC942}") = "1.2字符串的包含", "1.2字符串的包含\1.2字符串的包含.vcxproj", "{62DE988D-04B4-442B-A3A4-70CDB5AA6C66}"
EndProject
Project("{8BC9CEB8-8B4A-11D0-8D11-00A0C91BC942}") = "1.3字符串的全排列", "1.3字符串的全排列\1.3字符串的全排列.vcxproj", "{0F5FA16D-3A77-489C-9F55-9BA4FEBAF5A0}"
EndProject
Project("{8BC9CEB8-8B4A-11D0-8D11-00A0C91BC942}") = "1.4字符串转化成整数", "1.4字符串转化成整数\1.4字符串转化成整数.vcxproj", "{F8B80CA7-1EB9-4B3B-BBF7-C34C6BCF71A2}"
EndProject
Project("{8BC9CEB8-8B4A-11D0-8D11-00A0C91BC942}") = "1.5字符串的回文判断", "1.5字符串的回文判断\1.5字符串的回文判断.vcxproj", "{7AAB5630-ED1C-4B2C-92F5-FA36178E3336}"
EndProject
Project("{8BC9CEB8-8B4A-11D0-8D11-00A0C91BC942}") = "1.6字符串的最长回文子串", "1.6字符串的最长回文子串\1.6字符串的最长回文子串.vcxproj", "{AE692A47-28E1-4F4A-86B3-0AFE6A5D38EF}"
EndProject
Project("{8BC9CEB8-8B4A-11D0-8D11-00A0C91BC942}") = "2.0常用排序算法", "2.0常用排序算法\2.0常用排序算法.vcxproj", "{2A0AD15B-06A6-4A56-9766-6BCE46109F2A}"
EndProject
Project("{8BC9CEB8-8B4A-11D0-8D11-00A0C91BC942}") = "2.1寻找最小的k个数", "2.1寻找最小的k个数\2.1寻找最小的k个数.vcxproj", "{0D3B0B83-8982-48F0-A063-A29CB211F1EF}"
EndProject
Global
	GlobalSection(SolutionConfigurationPlatforms) = preSolution
		Debug|x64 = Debug|x64
		Debug|x86 = Debug|x86
		Release|x64 = Release|x64
		Release|x86 = Release|x86
	EndGlobalSection
	GlobalSection(ProjectConfigurationPlatforms) = postSolution
		{50CE0F45-129E-4D8A-879F-B44D0F92669B}.Debug|x64.ActiveCfg = Debug|x64
		{50CE0F45-129E-4D8A-879F-B44D0F92669B}.Debug|x64.Build.0 = Debug|x64
		{50CE0F45-129E-4D8A-879F-B44D0F92669B}.Debug|x86.ActiveCfg = Debug|Win32
		{50CE0F45-129E-4D8A-879F-B44D0F92669B}.Debug|x86.Build.0 = Debug|Win32
		{50CE0F45-129E-4D8A-879F-B44D0F92669B}.Release|x64.ActiveCfg = Release|x64
		{50CE0F45-129E-4D8A-879F-B44D0F92669B}.Release|x64.Build.0 = Release|x64
		{50CE0F45-129E-4D8A-879F-B44D0F92669B}.Release|x86.ActiveCfg = Release|Win32
		{50CE0F45-129E-4D8A-879F-B44D0F92669B}.Release|x86.Build.0 = Release|Win32
		{ECA2F842-AEC5-4E51-B66F-7B7FF915D8EB}.Debug|x64.ActiveCfg = Debug|x64
		{ECA2F842-AEC5-4E51-B66F-7B7FF915D8EB}.Debug|x64.Build.0 = Debug|x64
		{ECA2F842-AEC5-4E51-B66F-7B7FF915D8EB}.Debug|x86.ActiveCfg = Debug|Win32
		{ECA2F842-AEC5-4E51-B66F-7B7FF915D8EB}.Debug|x86.Build.0 = Debug|Win32
		{ECA2F842-AEC5-4E51-B66F-7B7FF915D8EB}.Release|x64.ActiveCfg = Release|x64
		{ECA2F842-AEC5-4E51-B66F-7B7FF915D8EB}.Release|x64.Build.0 = Release|x64
		{ECA2F842-AEC5-4E51-B66F-7B7FF915D8EB}.Release|x86.ActiveCfg = Release|Win32
		{ECA2F842-AEC5-4E51-B66F-7B7FF915D8EB}.Release|x86.Build.0 = Release|Win32
		{62DE988D-04B4-442B-A3A4-70CDB5AA6C66}.Debug|x64.ActiveCfg = Debug|x64
		{62DE988D-04B4-442B-A3A4-70CDB5AA6C66}.Debug|x64.Build.0 = Debug|x64
		{62DE988D-04B4-442B-A3A4-70CDB5AA6C66}.Debug|x86.ActiveCfg = Debug|Win32
		{62DE988D-04B4-442B-A3A4-70CDB5AA6C66}.Debug|x86.Build.0 = Debug|Win32
		{62DE988D-04B4-442B-A3A4-70CDB5AA6C66}.Release|x64.ActiveCfg = Release|x64
		{62DE988D-04B4-442B-A3A4-70CDB5AA6C66}.Release|x64.Build.0 = Release|x64
		{62DE988D-04B4-442B-A3A4-70CDB5AA6C66}.Release|x86.ActiveCfg = Release|Win32
		{62DE988D-04B4-442B-A3A4-70CDB5AA6C66}.Release|x86.Build.0 = Release|Win32
		{0F5FA16D-3A77-489C-9F55-9BA4FEBAF5A0}.Debug|x64.ActiveCfg = Debug|x64
		{0F5FA16D-3A77-489C-9F55-9BA4FEBAF5A0}.Debug|x64.Build.0 = Debug|x64
		{0F5FA16D-3A77-489C-9F55-9BA4FEBAF5A0}.Debug|x86.ActiveCfg = Debug|Win32
		{0F5FA16D-3A77-489C-9F55-9BA4FEBAF5A0}.Debug|x86.Build.0 = Debug|Win32
		{0F5FA16D-3A77-489C-9F55-9BA4FEBAF5A0}.Release|x64.ActiveCfg = Release|x64
		{0F5FA16D-3A77-489C-9F55-9BA4FEBAF5A0}.Release|x64.Build.0 = Release|x64
		{0F5FA16D-3A77-489C-9F55-9BA4FEBAF5A0}.Release|x86.ActiveCfg = Release|Win32
		{0F5FA16D-3A77-489C-9F55-9BA4FEBAF5A0}.Release|x86.Build.0 = Release|Win32
		{F8B80CA7-1EB9-4B3B-BBF7-C34C6BCF71A2}.Debug|x64.ActiveCfg = Debug|x64
		{F8B80CA7-1EB9-4B3B-BBF7-C34C6BCF71A2}.Debug|x64.Build.0 = Debug|x64
		{F8B80CA7-1EB9-4B3B-BBF7-C34C6BCF71A2}.Debug|x86.ActiveCfg = Debug|Win32
		{F8B80CA7-1EB9-4B3B-BBF7-C34C6BCF71A2}.Debug|x86.Build.0 = Debug|Win32
		{F8B80CA7-1EB9-4B3B-BBF7-C34C6BCF71A2}.Release|x64.ActiveCfg = Release|x64
		{F8B80CA7-1EB9-4B3B-BBF7-C34C6BCF71A2}.Release|x64.Build.0 = Release|x64
		{F8B80CA7-1EB9-4B3B-BBF7-C34C6BCF71A2}.Release|x86.ActiveCfg = Release|Win32
		{F8B80CA7-1EB9-4B3B-BBF7-C34C6BCF71A2}.Release|x86.Build.0 = Release|Win32
		{7AAB5630-ED1C-4B2C-92F5-FA36178E3336}.Debug|x64.ActiveCfg = Debug|x64
		{7AAB5630-ED1C-4B2C-92F5-FA36178E3336}.Debug|x64.Build.0 = Debug|x64
		{7AAB5630-ED1C-4B2C-92F5-FA36178E3336}.Debug|x86.ActiveCfg = Debug|Win32
		{7AAB5630-ED1C-4B2C-92F5-FA36178E3336}.Debug|x86.Build.0 = Debug|Win32
		{7AAB5630-ED1C-4B2C-92F5-FA36178E3336}.Release|x64.ActiveCfg = Release|x64
		{7AAB5630-ED1C-4B2C-92F5-FA36178E3336}.Release|x64.Build.0 = Release|x64
		{7AAB5630-ED1C-4B2C-92F5-FA36178E3336}.Release|x86.ActiveCfg = Release|Win32
		{7AAB5630-ED1C-4B2C-92F5-FA36178E3336}.Release|x86.Build.0 = Release|Win32
		{AE692A47-28E1-4F4A-86B3-0AFE6A5D38EF}.Debug|x64.ActiveCfg = Debug|x64
		{AE692A47-28E1-4F4A-86B3-0AFE6A5D38EF}.Debug|x64.Build.0 = Debug|x64
		{AE692A47-28E1-4F4A-86B3-0AFE6A5D38EF}.Debug|x86.ActiveCfg = Debug|Win32
		{AE692A47-28E1-4F4A-86B3-0AFE6A5D38EF}.Debug|x86.Build.0 = Debug|Win32
		{AE692A47-28E1-4F4A-86B3-0AFE6A5D38EF}.Release|x64.ActiveCfg = Release|x64
		{AE692A47-28E1-4F4A-86B3-0AFE6A5D38EF}.Release|x64.Build.0 = Release|x64
		{AE692A47-28E1-4F4A-86B3-0AFE6A5D38EF}.Release|x86.ActiveCfg = Release|Win32
		{AE692A47-28E1-4F4A-86B3-0AFE6A5D38EF}.Release|x86.Build.0 = Release|Win32
		{2A0AD15B-06A6-4A56-9766-6BCE46109F2A}.Debug|x64.ActiveCfg = Debug|x64
		{2A0AD15B-06A6-4A56-9766-6BCE46109F2A}.Debug|x64.Build.0 = Debug|x64
		{2A0AD15B-06A6-4A56-9766-6BCE46109F2A}.Debug|x86.ActiveCfg = Debug|Win32
		{2A0AD15B-06A6-4A56-9766-6BCE46109F2A}.Debug|x86.Build.0 = Debug|Win32
		{2A0AD15B-06A6-4A56-9766-6BCE46109F2A}.Release|x64.ActiveCfg = Release|x64
		{2A0AD15B-06A6-4A56-9766-6BCE46109F2A}.Release|x64.Build.0 = Release|x64
		{2A0AD15B-06A6-4A56-9766-6BCE46109F2A}.Release|x86.ActiveCfg = Release|Win32
		{2A0AD15B-06A6-4A56-9766-6BCE46109F2A}.Release|x86.Build.0 = Release|Win32
		{0D3B0B83-8982-48F0-A063-A29CB211F1EF}.Debug|x64.ActiveCfg = Debug|x64
		{0D3B0B83-8982-48F0-A063-A29CB211F1EF}.Debug|x64.Build.0 = Debug|x64
		{0D3B0B83-8982-48F0-A063-A29CB211F1EF}.Debug|x86.ActiveCfg = Debug|Win32
		{0D3B0B83-8982-48F0-A063-A29CB211F1EF}.Debug|x86.Build.0 = Debug|Win32
		{0D3B0B83-8982-48F0-A063-A29CB211F1EF}.Release|x64.ActiveCfg = Release|x64
		{0D3B0B83-8982-48F0-A063-A29CB211F1EF}.Release|x64.Build.0 = Release|x64
		{0D3B0B83-8982-48F0-A063-A29CB211F1EF}.Release|x86.ActiveCfg = Release|Win32
		{0D3B0B83-8982-48F0-A063-A29CB211F1EF}.Release|x86.Build.0 = Release|Win32
	EndGlobalSection
	GlobalSection(SolutionProperties) = preSolution
		HideSolutionNode = FALSE
	EndGlobalSection
	GlobalSection(ExtensibilityGlobals) = postSolution
		SolutionGuid = {C6C65E88-7A3B-4F3F-94FD-271A38180F54}
	EndGlobalSection
EndGlobal
